
Microsoft Visual Studio Solution File, Format Version 12.00
# Visual Studio Version 16
VisualStudioVersion = 16.0.30611.23
MinimumVisualStudioVersion = 10.0.40219.1
Project("{FAE04EC0-301F-11D3-BF4B-00C04F79EFBC}") = "4.8", "4.8\4.8.csproj", "{D0BAB0D1-0CCE-4D47-B4DA-D0B18B7B6DC1}"
EndProject
Global
	GlobalSection(SolutionConfigurationPlatforms) = preSolution
		Debug|Any CPU = Debug|Any CPU
		Release|Any CPU = Release|Any CPU
	EndGlobalSection
	GlobalSection(ProjectConfigurationPlatforms) = postSolution
		{D0BAB0D1-0CCE-4D47-B4DA-D0B18B7B6DC1}.Debug|Any CPU.ActiveCfg = Debug|Any CPU
		{D0BAB0D1-0CCE-4D47-B4DA-D0B18B7B6DC1}.Debug|Any CPU.Build.0 = Debug|Any CPU
		{D0BAB0D1-0CCE-4D47-B4DA-D0B18B7B6DC1}.Release|Any CPU.ActiveCfg = Release|Any CPU
		{D0BAB0D1-0CCE-4D47-B4DA-D0B18B7B6DC1}.Release|Any CPU.Build.0 = Release|Any CPU
	EndGlobalSection
	GlobalSection(SolutionProperties) = preSolution
		HideSolutionNode = FALSE
	EndGlobalSection
	GlobalSection(ExtensibilityGlobals) = postSolution
		SolutionGuid = {2B5BDECF-F374-440F-AF94-D66D6A9AE141}
	EndGlobalSection
EndGlobal
