
Microsoft Visual Studio Solution File, Format Version 12.00
# Visual Studio Version 16
VisualStudioVersion = 16.0.30611.23
MinimumVisualStudioVersion = 10.0.40219.1
Project("{FAE04EC0-301F-11D3-BF4B-00C04F79EFBC}") = "ConsoleApp1", "ConsoleApp1\ConsoleApp1.csproj", "{27A9769E-4DFB-4B17-822D-04B902ABB415}"
EndProject
Global
	GlobalSection(SolutionConfigurationPlatforms) = preSolution
		Debug|Any CPU = Debug|Any CPU
		Release|Any CPU = Release|Any CPU
	EndGlobalSection
	GlobalSection(ProjectConfigurationPlatforms) = postSolution
		{27A9769E-4DFB-4B17-822D-04B902ABB415}.Debug|Any CPU.ActiveCfg = Debug|Any CPU
		{27A9769E-4DFB-4B17-822D-04B902ABB415}.Debug|Any CPU.Build.0 = Debug|Any CPU
		{27A9769E-4DFB-4B17-822D-04B902ABB415}.Release|Any CPU.ActiveCfg = Release|Any CPU
		{27A9769E-4DFB-4B17-822D-04B902ABB415}.Release|Any CPU.Build.0 = Release|Any CPU
	EndGlobalSection
	GlobalSection(SolutionProperties) = preSolution
		HideSolutionNode = FALSE
	EndGlobalSection
	GlobalSection(ExtensibilityGlobals) = postSolution
		SolutionGuid = {48CCAFDD-C635-4B2A-96AF-1A4744507A0B}
	EndGlobalSection
EndGlobal
