
Microsoft Visual Studio Solution File, Format Version 12.00
# Visual Studio Version 16
VisualStudioVersion = 16.0.30611.23
MinimumVisualStudioVersion = 10.0.40219.1
Project("{FAE04EC0-301F-11D3-BF4B-00C04F79EFBC}") = "5.5", "5.5\5.5.csproj", "{CC950305-08C9-4A01-8B8D-4D1B08138C0D}"
EndProject
Global
	GlobalSection(SolutionConfigurationPlatforms) = preSolution
		Debug|Any CPU = Debug|Any CPU
		Release|Any CPU = Release|Any CPU
	EndGlobalSection
	GlobalSection(ProjectConfigurationPlatforms) = postSolution
		{CC950305-08C9-4A01-8B8D-4D1B08138C0D}.Debug|Any CPU.ActiveCfg = Debug|Any CPU
		{CC950305-08C9-4A01-8B8D-4D1B08138C0D}.Debug|Any CPU.Build.0 = Debug|Any CPU
		{CC950305-08C9-4A01-8B8D-4D1B08138C0D}.Release|Any CPU.ActiveCfg = Release|Any CPU
		{CC950305-08C9-4A01-8B8D-4D1B08138C0D}.Release|Any CPU.Build.0 = Release|Any CPU
	EndGlobalSection
	GlobalSection(SolutionProperties) = preSolution
		HideSolutionNode = FALSE
	EndGlobalSection
	GlobalSection(ExtensibilityGlobals) = postSolution
		SolutionGuid = {AF849336-C9FC-4C52-97B3-5E695C0582E9}
	EndGlobalSection
EndGlobal
