
Microsoft Visual Studio Solution File, Format Version 12.00
# Visual Studio Version 16
VisualStudioVersion = 16.0.30611.23
MinimumVisualStudioVersion = 10.0.40219.1
Project("{FAE04EC0-301F-11D3-BF4B-00C04F79EFBC}") = "3.13", "3.13\3.13.csproj", "{2F9FE29C-4FC5-48BC-9D82-DF665AF8D8F2}"
EndProject
Global
	GlobalSection(SolutionConfigurationPlatforms) = preSolution
		Debug|Any CPU = Debug|Any CPU
		Release|Any CPU = Release|Any CPU
	EndGlobalSection
	GlobalSection(ProjectConfigurationPlatforms) = postSolution
		{2F9FE29C-4FC5-48BC-9D82-DF665AF8D8F2}.Debug|Any CPU.ActiveCfg = Debug|Any CPU
		{2F9FE29C-4FC5-48BC-9D82-DF665AF8D8F2}.Debug|Any CPU.Build.0 = Debug|Any CPU
		{2F9FE29C-4FC5-48BC-9D82-DF665AF8D8F2}.Release|Any CPU.ActiveCfg = Release|Any CPU
		{2F9FE29C-4FC5-48BC-9D82-DF665AF8D8F2}.Release|Any CPU.Build.0 = Release|Any CPU
	EndGlobalSection
	GlobalSection(SolutionProperties) = preSolution
		HideSolutionNode = FALSE
	EndGlobalSection
	GlobalSection(ExtensibilityGlobals) = postSolution
		SolutionGuid = {CB1EC1A2-2150-4B7E-8E97-D666F9473E79}
	EndGlobalSection
EndGlobal
