
Microsoft Visual Studio Solution File, Format Version 12.00
# Visual Studio Version 16
VisualStudioVersion = 16.0.30611.23
MinimumVisualStudioVersion = 10.0.40219.1
Project("{FAE04EC0-301F-11D3-BF4B-00C04F79EFBC}") = "5.4", "5.4\5.4.csproj", "{0D9B2AE6-1966-490E-A433-368057E50C0C}"
EndProject
Global
	GlobalSection(SolutionConfigurationPlatforms) = preSolution
		Debug|Any CPU = Debug|Any CPU
		Release|Any CPU = Release|Any CPU
	EndGlobalSection
	GlobalSection(ProjectConfigurationPlatforms) = postSolution
		{0D9B2AE6-1966-490E-A433-368057E50C0C}.Debug|Any CPU.ActiveCfg = Debug|Any CPU
		{0D9B2AE6-1966-490E-A433-368057E50C0C}.Debug|Any CPU.Build.0 = Debug|Any CPU
		{0D9B2AE6-1966-490E-A433-368057E50C0C}.Release|Any CPU.ActiveCfg = Release|Any CPU
		{0D9B2AE6-1966-490E-A433-368057E50C0C}.Release|Any CPU.Build.0 = Release|Any CPU
	EndGlobalSection
	GlobalSection(SolutionProperties) = preSolution
		HideSolutionNode = FALSE
	EndGlobalSection
	GlobalSection(ExtensibilityGlobals) = postSolution
		SolutionGuid = {3B5D6766-9237-44F5-91D8-2616F93B35DC}
	EndGlobalSection
EndGlobal
